
Microsoft Visual Studio Solution File, Format Version 12.00
# 
VisualStudioVersion = 17.5.002.0
MinimumVisualStudioVersion = 
Project("{2150E333-8FDC-42A3-9474-1A3956D46DE8}") = "PublicSite", "PublicSite", "{A9CAF3AC-8BB9-4601-A352-9C6FA1874ED2}"
EndProject
Project("{FAE04EC0-301F-11D3-BF4B-00C04F79EFBC}") = "PublicSite.Server", "src\PublicSite\Server\PublicSite.Server.csproj", "{44FA8F0D-2391-4339-A0AA-356850F0AD76}"
EndProject
Project("{2150E333-8FDC-42A3-9474-1A3956D46DE8}") = "Lib", "Lib", "{A84E7457-A1E1-4297-8FB4-0587944A28C0}"
EndProject
Project("{FAE04EC0-301F-11D3-BF4B-00C04F79EFBC}") = "Lib", "src\Lib\Lib.csproj", "{BED351DE-105F-4963-8AD6-7D31E4E4A5DF}"
EndProject
Project("{FAE04EC0-301F-11D3-BF4B-00C04F79EFBC}") = "Lib.Components", "src\Lib.Components\Lib.Components.csproj", "{4069E2D7-5627-4532-864D-2ECE9BF2F4B5}"
EndProject
Project("{FAE04EC0-301F-11D3-BF4B-00C04F79EFBC}") = "Lib.Services", "src\Lib.Services\Lib.Services.csproj", "{09CBFB1A-079D-4702-BD5E-BF5AF688DEE1}"
EndProject
Project("{FAE04EC0-301F-11D3-BF4B-00C04F79EFBC}") = "PublicSite.Client", "src\PublicSite\Client\PublicSite.Client.csproj", "{F376E677-76A8-402C-8769-A9A53FD5B807}"
EndProject
Project("{2150E333-8FDC-42A3-9474-1A3956D46DE8}") = "Tools", "Tools", "{26C704A5-DEB3-424C-A5CF-1FBBBE7AD400}"
EndProject
Project("{FAE04EC0-301F-11D3-BF4B-00C04F79EFBC}") = "BlogPublisher", "src\Tools\BlogPublisher\BlogPublisher.csproj", "{908BD433-7A68-4C42-949C-8E55F0B10354}"
EndProject
Project("{FAE04EC0-301F-11D3-BF4B-00C04F79EFBC}") = "AdminSite.Server", "src\AdminSite\Server\AdminSite.Server.csproj", "{1B242602-3F4E-4994-8447-78E55731E19C}"
EndProject
Project("{2150E333-8FDC-42A3-9474-1A3956D46DE8}") = "AdminSite", "AdminSite", "{ACDDEBD1-CE3A-45CB-847B-0D36F1466AD7}"
EndProject
Project("{FAE04EC0-301F-11D3-BF4B-00C04F79EFBC}") = "AdminSite.Client", "src\AdminSite\Client\AdminSite.Client.csproj", "{B29EE20A-0BC8-43CD-A612-20DA86E0F454}"
EndProject
Project("{2150E333-8FDC-42A3-9474-1A3956D46DE8}") = "src", "src", "{65FF94C3-631C-448D-848C-48D8F6203B72}"
EndProject
Project("{2150E333-8FDC-42A3-9474-1A3956D46DE8}") = "Tools", "Tools", "{95313B45-B839-4AC3-A1D4-0AB2E438B4AA}"
EndProject
Project("{FAE04EC0-301F-11D3-BF4B-00C04F79EFBC}") = "NginxTemplateCustomizer", "src\Tools\NginxTemplateCustomizer\NginxTemplateCustomizer.csproj", "{3DE08932-6FCF-45EA-802D-524CDF74066E}"
EndProject
Global
	GlobalSection(SolutionConfigurationPlatforms) = preSolution
		Debug|Any CPU = Debug|Any CPU
		Release|Any CPU = Release|Any CPU
	EndGlobalSection
	GlobalSection(ProjectConfigurationPlatforms) = postSolution
		{44FA8F0D-2391-4339-A0AA-356850F0AD76}.Debug|Any CPU.ActiveCfg = Debug|Any CPU
		{44FA8F0D-2391-4339-A0AA-356850F0AD76}.Debug|Any CPU.Build.0 = Debug|Any CPU
		{44FA8F0D-2391-4339-A0AA-356850F0AD76}.Release|Any CPU.ActiveCfg = Release|Any CPU
		{44FA8F0D-2391-4339-A0AA-356850F0AD76}.Release|Any CPU.Build.0 = Release|Any CPU
		{BED351DE-105F-4963-8AD6-7D31E4E4A5DF}.Debug|Any CPU.ActiveCfg = Debug|Any CPU
		{BED351DE-105F-4963-8AD6-7D31E4E4A5DF}.Debug|Any CPU.Build.0 = Debug|Any CPU
		{BED351DE-105F-4963-8AD6-7D31E4E4A5DF}.Release|Any CPU.ActiveCfg = Release|Any CPU
		{BED351DE-105F-4963-8AD6-7D31E4E4A5DF}.Release|Any CPU.Build.0 = Release|Any CPU
		{4069E2D7-5627-4532-864D-2ECE9BF2F4B5}.Debug|Any CPU.ActiveCfg = Debug|Any CPU
		{4069E2D7-5627-4532-864D-2ECE9BF2F4B5}.Debug|Any CPU.Build.0 = Debug|Any CPU
		{4069E2D7-5627-4532-864D-2ECE9BF2F4B5}.Release|Any CPU.ActiveCfg = Release|Any CPU
		{4069E2D7-5627-4532-864D-2ECE9BF2F4B5}.Release|Any CPU.Build.0 = Release|Any CPU
		{09CBFB1A-079D-4702-BD5E-BF5AF688DEE1}.Debug|Any CPU.ActiveCfg = Debug|Any CPU
		{09CBFB1A-079D-4702-BD5E-BF5AF688DEE1}.Debug|Any CPU.Build.0 = Debug|Any CPU
		{09CBFB1A-079D-4702-BD5E-BF5AF688DEE1}.Release|Any CPU.ActiveCfg = Release|Any CPU
		{09CBFB1A-079D-4702-BD5E-BF5AF688DEE1}.Release|Any CPU.Build.0 = Release|Any CPU
		{F376E677-76A8-402C-8769-A9A53FD5B807}.Debug|Any CPU.ActiveCfg = Debug|Any CPU
		{F376E677-76A8-402C-8769-A9A53FD5B807}.Debug|Any CPU.Build.0 = Debug|Any CPU
		{F376E677-76A8-402C-8769-A9A53FD5B807}.Release|Any CPU.ActiveCfg = Release|Any CPU
		{F376E677-76A8-402C-8769-A9A53FD5B807}.Release|Any CPU.Build.0 = Release|Any CPU
		{908BD433-7A68-4C42-949C-8E55F0B10354}.Debug|Any CPU.ActiveCfg = Debug|Any CPU
		{908BD433-7A68-4C42-949C-8E55F0B10354}.Debug|Any CPU.Build.0 = Debug|Any CPU
		{908BD433-7A68-4C42-949C-8E55F0B10354}.Release|Any CPU.ActiveCfg = Release|Any CPU
		{908BD433-7A68-4C42-949C-8E55F0B10354}.Release|Any CPU.Build.0 = Release|Any CPU
		{1B242602-3F4E-4994-8447-78E55731E19C}.Debug|Any CPU.ActiveCfg = Debug|Any CPU
		{1B242602-3F4E-4994-8447-78E55731E19C}.Debug|Any CPU.Build.0 = Debug|Any CPU
		{1B242602-3F4E-4994-8447-78E55731E19C}.Release|Any CPU.ActiveCfg = Release|Any CPU
		{1B242602-3F4E-4994-8447-78E55731E19C}.Release|Any CPU.Build.0 = Release|Any CPU
		{B29EE20A-0BC8-43CD-A612-20DA86E0F454}.Debug|Any CPU.ActiveCfg = Debug|Any CPU
		{B29EE20A-0BC8-43CD-A612-20DA86E0F454}.Debug|Any CPU.Build.0 = Debug|Any CPU
		{B29EE20A-0BC8-43CD-A612-20DA86E0F454}.Release|Any CPU.ActiveCfg = Release|Any CPU
		{B29EE20A-0BC8-43CD-A612-20DA86E0F454}.Release|Any CPU.Build.0 = Release|Any CPU
		{3DE08932-6FCF-45EA-802D-524CDF74066E}.Debug|Any CPU.ActiveCfg = Debug|Any CPU
		{3DE08932-6FCF-45EA-802D-524CDF74066E}.Debug|Any CPU.Build.0 = Debug|Any CPU
		{3DE08932-6FCF-45EA-802D-524CDF74066E}.Release|Any CPU.ActiveCfg = Release|Any CPU
		{3DE08932-6FCF-45EA-802D-524CDF74066E}.Release|Any CPU.Build.0 = Release|Any CPU
	EndGlobalSection
	GlobalSection(SolutionProperties) = preSolution
		HideSolutionNode = FALSE
	EndGlobalSection
	GlobalSection(NestedProjects) = preSolution
		{44FA8F0D-2391-4339-A0AA-356850F0AD76} = {A9CAF3AC-8BB9-4601-A352-9C6FA1874ED2}
		{BED351DE-105F-4963-8AD6-7D31E4E4A5DF} = {A84E7457-A1E1-4297-8FB4-0587944A28C0}
		{4069E2D7-5627-4532-864D-2ECE9BF2F4B5} = {A84E7457-A1E1-4297-8FB4-0587944A28C0}
		{09CBFB1A-079D-4702-BD5E-BF5AF688DEE1} = {A84E7457-A1E1-4297-8FB4-0587944A28C0}
		{F376E677-76A8-402C-8769-A9A53FD5B807} = {A9CAF3AC-8BB9-4601-A352-9C6FA1874ED2}
		{908BD433-7A68-4C42-949C-8E55F0B10354} = {26C704A5-DEB3-424C-A5CF-1FBBBE7AD400}
		{1B242602-3F4E-4994-8447-78E55731E19C} = {ACDDEBD1-CE3A-45CB-847B-0D36F1466AD7}
		{B29EE20A-0BC8-43CD-A612-20DA86E0F454} = {ACDDEBD1-CE3A-45CB-847B-0D36F1466AD7}
		{95313B45-B839-4AC3-A1D4-0AB2E438B4AA} = {65FF94C3-631C-448D-848C-48D8F6203B72}
		{3DE08932-6FCF-45EA-802D-524CDF74066E} = {95313B45-B839-4AC3-A1D4-0AB2E438B4AA}
	EndGlobalSection
EndGlobal
